// !$*UTF8*$!
{
	archiveVersion = 1;
	classes = {
	};
	objectVersion = 50;
	objects = {

/* Begin PBXBuildFile section */
		215A031C25B2DC1B0019EB05 /* AppDelegate.swift in Sources */ = {isa = PBXBuildFile; fileRef = 215A031B25B2DC1B0019EB05 /* AppDelegate.swift */; };
		215A031E25B2DC1B0019EB05 /* SceneDelegate.swift in Sources */ = {isa = PBXBuildFile; fileRef = 215A031D25B2DC1B0019EB05 /* SceneDelegate.swift */; };
		215A032025B2DC1B0019EB05 /* ViewController.swift in Sources */ = {isa = PBXBuildFile; fileRef = 215A031F25B2DC1B0019EB05 /* ViewController.swift */; };
		215A032325B2DC1B0019EB05 /* Main.storyboard in Resources */ = {isa = PBXBuildFile; fileRef = 215A032125B2DC1B0019EB05 /* Main.storyboard */; };
		215A032525B2DC1C0019EB05 /* Assets.xcassets in Resources */ = {isa = PBXBuildFile; fileRef = 215A032425B2DC1C0019EB05 /* Assets.xcassets */; };
		215A032825B2DC1C0019EB05 /* LaunchScreen.storyboard in Resources */ = {isa = PBXBuildFile; fileRef = 215A032625B2DC1C0019EB05 /* LaunchScreen.storyboard */; };
		215A033325B2DC1C0019EB05 /* ChartsXcodeTests.swift in Sources */ = {isa = PBXBuildFile; fileRef = 215A033225B2DC1C0019EB05 /* ChartsXcodeTests.swift */; };
		215A033E25B2DC1C0019EB05 /* ChartsXcodeUITests.swift in Sources */ = {isa = PBXBuildFile; fileRef = 215A033D25B2DC1C0019EB05 /* ChartsXcodeUITests.swift */; };
/* End PBXBuildFile section */

/* Begin PBXContainerItemProxy section */
		215A032F25B2DC1C0019EB05 /* PBXContainerItemProxy */ = {
			isa = PBXContainerItemProxy;
			containerPortal = 215A031025B2DC1B0019EB05 /* Project object */;
			proxyType = 1;
			remoteGlobalIDString = 215A031725B2DC1B0019EB05;
			remoteInfo = ChartsXcode;
		};
		215A033A25B2DC1C0019EB05 /* PBXContainerItemProxy */ = {
			isa = PBXContainerItemProxy;
			containerPortal = 215A031025B2DC1B0019EB05 /* Project object */;
			proxyType = 1;
			remoteGlobalIDString = 215A031725B2DC1B0019EB05;
			remoteInfo = ChartsXcode;
		};
/* End PBXContainerItemProxy section */

/* Begin PBXFileReference section */
		215A031825B2DC1B0019EB05 /* ChartsXcode.app */ = {isa = PBXFileReference; explicitFileType = wrapper.application; includeInIndex = 0; path = ChartsXcode.app; sourceTree = BUILT_PRODUCTS_DIR; };
		215A031B25B2DC1B0019EB05 /* AppDelegate.swift */ = {isa = PBXFileReference; lastKnownFileType = sourcecode.swift; path = AppDelegate.swift; sourceTree = "<group>"; };
		215A031D25B2DC1B0019EB05 /* SceneDelegate.swift */ = {isa = PBXFileReference; lastKnownFileType = sourcecode.swift; path = SceneDelegate.swift; sourceTree = "<group>"; };
		215A031F25B2DC1B0019EB05 /* ViewController.swift */ = {isa = PBXFileReference; lastKnownFileType = sourcecode.swift; path = ViewController.swift; sourceTree = "<group>"; };
		215A032225B2DC1B0019EB05 /* Base */ = {isa = PBXFileReference; lastKnownFileType = file.storyboard; name = Base; path = Base.lproj/Main.storyboard; sourceTree = "<group>"; };
		215A032425B2DC1C0019EB05 /* Assets.xcassets */ = {isa = PBXFileReference; lastKnownFileType = folder.assetcatalog; path = Assets.xcassets; sourceTree = "<group>"; };
		215A032725B2DC1C0019EB05 /* Base */ = {isa = PBXFileReference; lastKnownFileType = file.storyboard; name = Base; path = Base.lproj/LaunchScreen.storyboard; sourceTree = "<group>"; };
		215A032925B2DC1C0019EB05 /* Info.plist */ = {isa = PBXFileReference; lastKnownFileType = text.plist.xml; path = Info.plist; sourceTree = "<group>"; };
		215A032E25B2DC1C0019EB05 /* ChartsXcodeTests.xctest */ = {isa = PBXFileReference; explicitFileType = wrapper.cfbundle; includeInIndex = 0; path = ChartsXcodeTests.xctest; sourceTree = BUILT_PRODUCTS_DIR; };
		215A033225B2DC1C0019EB05 /* ChartsXcodeTests.swift */ = {isa = PBXFileReference; lastKnownFileType = sourcecode.swift; path = ChartsXcodeTests.swift; sourceTree = "<group>"; };
		215A033425B2DC1C0019EB05 /* Info.plist */ = {isa = PBXFileReference; lastKnownFileType = text.plist.xml; path = Info.plist; sourceTree = "<group>"; };
		215A033925B2DC1C0019EB05 /* ChartsXcodeUITests.xctest */ = {isa = PBXFileReference; explicitFileType = wrapper.cfbundle; includeInIndex = 0; path = ChartsXcodeUITests.xctest; sourceTree = BUILT_PRODUCTS_DIR; };
		215A033D25B2DC1C0019EB05 /* ChartsXcodeUITests.swift */ = {isa = PBXFileReference; lastKnownFileType = sourcecode.swift; path = ChartsXcodeUITests.swift; sourceTree = "<group>"; };
		215A033F25B2DC1C0019EB05 /* Info.plist */ = {isa = PBXFileReference; lastKnownFileType = text.plist.xml; path = Info.plist; sourceTree = "<group>"; };
/* End PBXFileReference section */

/* Begin PBXFrameworksBuildPhase section */
		215A031525B2DC1B0019EB05 /* Frameworks */ = {
			isa = PBXFrameworksBuildPhase;
			buildActionMask = 2147483647;
			files = (
			);
			runOnlyForDeploymentPostprocessing = 0;
		};
		215A032B25B2DC1C0019EB05 /* Frameworks */ = {
			isa = PBXFrameworksBuildPhase;
			buildActionMask = 2147483647;
			files = (
			);
			runOnlyForDeploymentPostprocessing = 0;
		};
		215A033625B2DC1C0019EB05 /* Frameworks */ = {
			isa = PBXFrameworksBuildPhase;
			buildActionMask = 2147483647;
			files = (
			);
			runOnlyForDeploymentPostprocessing = 0;
		};
/* End PBXFrameworksBuildPhase section */

/* Begin PBXGroup section */
		215A030F25B2DC1B0019EB05 = {
			isa = PBXGroup;
			children = (
				215A031A25B2DC1B0019EB05 /* ChartsXcode */,
				215A033125B2DC1C0019EB05 /* ChartsXcodeTests */,
				215A033C25B2DC1C0019EB05 /* ChartsXcodeUITests */,
				215A031925B2DC1B0019EB05 /* Products */,
			);
			sourceTree = "<group>";
		};
		215A031925B2DC1B0019EB05 /* Products */ = {
			isa = PBXGroup;
			children = (
				215A031825B2DC1B0019EB05 /* ChartsXcode.app */,
				215A032E25B2DC1C0019EB05 /* ChartsXcodeTests.xctest */,
				215A033925B2DC1C0019EB05 /* ChartsXcodeUITests.xctest */,
			);
			name = Products;
			sourceTree = "<group>";
		};
		215A031A25B2DC1B0019EB05 /* ChartsXcode */ = {
			isa = PBXGroup;
			children = (
				215A031B25B2DC1B0019EB05 /* AppDelegate.swift */,
				215A031D25B2DC1B0019EB05 /* SceneDelegate.swift */,
				215A031F25B2DC1B0019EB05 /* ViewController.swift */,
				215A032125B2DC1B0019EB05 /* Main.storyboard */,
				215A032425B2DC1C0019EB05 /* Assets.xcassets */,
				215A032625B2DC1C0019EB05 /* LaunchScreen.storyboard */,
				215A032925B2DC1C0019EB05 /* Info.plist */,
			);
			path = ChartsXcode;
			sourceTree = "<group>";
		};
		215A033125B2DC1C0019EB05 /* ChartsXcodeTests */ = {
			isa = PBXGroup;
			children = (
				215A033225B2DC1C0019EB05 /* ChartsXcodeTests.swift */,
				215A033425B2DC1C0019EB05 /* Info.plist */,
			);
			path = ChartsXcodeTests;
			sourceTree = "<group>";
		};
		215A033C25B2DC1C0019EB05 /* ChartsXcodeUITests */ = {
			isa = PBXGroup;
			children = (
				215A033D25B2DC1C0019EB05 /* ChartsXcodeUITests.swift */,
				215A033F25B2DC1C0019EB05 /* Info.plist */,
			);
			path = ChartsXcodeUITests;
			sourceTree = "<group>";
		};
/* End PBXGroup section */

/* Begin PBXNativeTarget section */
		215A031725B2DC1B0019EB05 /* ChartsXcode */ = {
			isa = PBXNativeTarget;
			buildConfigurationList = 215A034225B2DC1C0019EB05 /* Build configuration list for PBXNativeTarget "ChartsXcode" */;
			buildPhases = (
				215A031425B2DC1B0019EB05 /* Sources */,
				215A031525B2DC1B0019EB05 /* Frameworks */,
				215A031625B2DC1B0019EB05 /* Resources */,
			);
			buildRules = (
			);
			dependencies = (
			);
			name = ChartsXcode;
			productName = ChartsXcode;
			productReference = 215A031825B2DC1B0019EB05 /* ChartsXcode.app */;
			productType = "com.apple.product-type.application";
		};
		215A032D25B2DC1C0019EB05 /* ChartsXcodeTests */ = {
			isa = PBXNativeTarget;
			buildConfigurationList = 215A034525B2DC1C0019EB05 /* Build configuration list for PBXNativeTarget "ChartsXcodeTests" */;
			buildPhases = (
				215A032A25B2DC1C0019EB05 /* Sources */,
				215A032B25B2DC1C0019EB05 /* Frameworks */,
				215A032C25B2DC1C0019EB05 /* Resources */,
			);
			buildRules = (
			);
			dependencies = (
				215A033025B2DC1C0019EB05 /* PBXTargetDependency */,
			);
			name = ChartsXcodeTests;
			productName = ChartsXcodeTests;
			productReference = 215A032E25B2DC1C0019EB05 /* ChartsXcodeTests.xctest */;
			productType = "com.apple.product-type.bundle.unit-test";
		};
		215A033825B2DC1C0019EB05 /* ChartsXcodeUITests */ = {
			isa = PBXNativeTarget;
			buildConfigurationList = 215A034825B2DC1C0019EB05 /* Build configuration list for PBXNativeTarget "ChartsXcodeUITests" */;
			buildPhases = (
				215A033525B2DC1C0019EB05 /* Sources */,
				215A033625B2DC1C0019EB05 /* Frameworks */,
				215A033725B2DC1C0019EB05 /* Resources */,
			);
			buildRules = (
			);
			dependencies = (
				215A033B25B2DC1C0019EB05 /* PBXTargetDependency */,
			);
			name = ChartsXcodeUITests;
			productName = ChartsXcodeUITests;
			productReference = 215A033925B2DC1C0019EB05 /* ChartsXcodeUITests.xctest */;
			productType = "com.apple.product-type.bundle.ui-testing";
		};
/* End PBXNativeTarget section */

/* Begin PBXProject section */
		215A031025B2DC1B0019EB05 /* Project object */ = {
			isa = PBXProject;
			attributes = {
				LastSwiftUpdateCheck = 1230;
				LastUpgradeCheck = 1230;
				TargetAttributes = {
					215A031725B2DC1B0019EB05 = {
						CreatedOnToolsVersion = 12.3;
					};
					215A032D25B2DC1C0019EB05 = {
						CreatedOnToolsVersion = 12.3;
						TestTargetID = 215A031725B2DC1B0019EB05;
					};
					215A033825B2DC1C0019EB05 = {
						CreatedOnToolsVersion = 12.3;
						TestTargetID = 215A031725B2DC1B0019EB05;
					};
				};
			};
			buildConfigurationList = 215A031325B2DC1B0019EB05 /* Build configuration list for PBXProject "ChartsXcode" */;
			compatibilityVersion = "Xcode 9.3";
			developmentRegion = en;
			hasScannedForEncodings = 0;
			knownRegions = (
				en,
				Base,
			);
			mainGroup = 215A030F25B2DC1B0019EB05;
			productRefGroup = 215A031925B2DC1B0019EB05 /* Products */;
			projectDirPath = "";
			projectRoot = "";
			targets = (
				215A031725B2DC1B0019EB05 /* ChartsXcode */,
				215A032D25B2DC1C0019EB05 /* ChartsXcodeTests */,
				215A033825B2DC1C0019EB05 /* ChartsXcodeUITests */,
			);
		};
/* End PBXProject section */

/* Begin PBXResourcesBuildPhase section */
		215A031625B2DC1B0019EB05 /* Resources */ = {
			isa = PBXResourcesBuildPhase;
			buildActionMask = 2147483647;
			files = (
				215A032825B2DC1C0019EB05 /* LaunchScreen.storyboard in Resources */,
				215A032525B2DC1C0019EB05 /* Assets.xcassets in Resources */,
				215A032325B2DC1B0019EB05 /* Main.storyboard in Resources */,
			);
			runOnlyForDeploymentPostprocessing = 0;
		};
		215A032C25B2DC1C0019EB05 /* Resources */ = {
			isa = PBXResourcesBuildPhase;
			buildActionMask = 2147483647;
			files = (
			);
			runOnlyForDeploymentPostprocessing = 0;
		};
		215A033725B2DC1C0019EB05 /* Resources */ = {
			isa = PBXResourcesBuildPhase;
			buildActionMask = 2147483647;
			files = (
			);
			runOnlyForDeploymentPostprocessing = 0;
		};
/* End PBXResourcesBuildPhase section */

/* Begin PBXSourcesBuildPhase section */
		215A031425B2DC1B0019EB05 /* Sources */ = {
			isa = PBXSourcesBuildPhase;
			buildActionMask = 2147483647;
			files = (
				215A032025B2DC1B0019EB05 /* ViewController.swift in Sources */,
				215A031C25B2DC1B0019EB05 /* AppDelegate.swift in Sources */,
				215A031E25B2DC1B0019EB05 /* SceneDelegate.swift in Sources */,
			);
			runOnlyForDeploymentPostprocessing = 0;
		};
		215A032A25B2DC1C0019EB05 /* Sources */ = {
			isa = PBXSourcesBuildPhase;
			buildActionMask = 2147483647;
			files = (
				215A033325B2DC1C0019EB05 /* ChartsXcodeTests.swift in Sources */,
			);
			runOnlyForDeploymentPostprocessing = 0;
		};
		215A033525B2DC1C0019EB05 /* Sources */ = {
			isa = PBXSourcesBuildPhase;
			buildActionMask = 2147483647;
			files = (
				215A033E25B2DC1C0019EB05 /* ChartsXcodeUITests.swift in Sources */,
			);
			runOnlyForDeploymentPostprocessing = 0;
		};
/* End PBXSourcesBuildPhase section */

/* Begin PBXTargetDependency section */
		215A033025B2DC1C0019EB05 /* PBXTargetDependency */ = {
			isa = PBXTargetDependency;
			target = 215A031725B2DC1B0019EB05 /* ChartsXcode */;
			targetProxy = 215A032F25B2DC1C0019EB05 /* PBXContainerItemProxy */;
		};
		215A033B25B2DC1C0019EB05 /* PBXTargetDependency */ = {
			isa = PBXTargetDependency;
			target = 215A031725B2DC1B0019EB05 /* ChartsXcode */;
			targetProxy = 215A033A25B2DC1C0019EB05 /* PBXContainerItemProxy */;
		};
/* End PBXTargetDependency section */

/* Begin PBXVariantGroup section */
		215A032125B2DC1B0019EB05 /* Main.storyboard */ = {
			isa = PBXVariantGroup;
			children = (
				215A032225B2DC1B0019EB05 /* Base */,
			);
			name = Main.storyboard;
			sourceTree = "<group>";
		};
		215A032625B2DC1C0019EB05 /* LaunchScreen.storyboard */ = {
			isa = PBXVariantGroup;
			children = (
				215A032725B2DC1C0019EB05 /* Base */,
			);
			name = LaunchScreen.storyboard;
			sourceTree = "<group>";
		};
/* End PBXVariantGroup section */

/* Begin XCBuildConfiguration section */
		215A034025B2DC1C0019EB05 /* Debug */ = {
			isa = XCBuildConfiguration;
			buildSettings = {
				ALWAYS_SEARCH_USER_PATHS = NO;
				CLANG_ANALYZER_NONNULL = YES;
				CLANG_ANALYZER_NUMBER_OBJECT_CONVERSION = YES_AGGRESSIVE;
				CLANG_CXX_LANGUAGE_STANDARD = "gnu++14";
				CLANG_CXX_LIBRARY = "libc++";
				CLANG_ENABLE_MODULES = YES;
				CLANG_ENABLE_OBJC_ARC = YES;
				CLANG_ENABLE_OBJC_WEAK = YES;
				CLANG_WARN_BLOCK_CAPTURE_AUTORELEASING = YES;
				CLANG_WARN_BOOL_CONVERSION = YES;
				CLANG_WARN_COMMA = YES;
				CLANG_WARN_CONSTANT_CONVERSION = YES;
				CLANG_WARN_DEPRECATED_OBJC_IMPLEMENTATIONS = YES;
				CLANG_WARN_DIRECT_OBJC_ISA_USAGE = YES_ERROR;
				CLANG_WARN_DOCUMENTATION_COMMENTS = YES;
				CLANG_WARN_EMPTY_BODY = YES;
				CLANG_WARN_ENUM_CONVERSION = YES;
				CLANG_WARN_INFINITE_RECURSION = YES;
				CLANG_WARN_INT_CONVERSION = YES;
				CLANG_WARN_NON_LITERAL_NULL_CONVERSION = YES;
				CLANG_WARN_OBJC_IMPLICIT_RETAIN_SELF = YES;
				CLANG_WARN_OBJC_LITERAL_CONVERSION = YES;
				CLANG_WARN_OBJC_ROOT_CLASS = YES_ERROR;
				CLANG_WARN_QUOTED_INCLUDE_IN_FRAMEWORK_HEADER = YES;
				CLANG_WARN_RANGE_LOOP_ANALYSIS = YES;
				CLANG_WARN_STRICT_PROTOTYPES = YES;
				CLANG_WARN_SUSPICIOUS_MOVE = YES;
				CLANG_WARN_UNGUARDED_AVAILABILITY = YES_AGGRESSIVE;
				CLANG_WARN_UNREACHABLE_CODE = YES;
				CLANG_WARN__DUPLICATE_METHOD_MATCH = YES;
				COPY_PHASE_STRIP = NO;
				DEBUG_INFORMATION_FORMAT = dwarf;
				ENABLE_STRICT_OBJC_MSGSEND = YES;
				ENABLE_TESTABILITY = YES;
				GCC_C_LANGUAGE_STANDARD = gnu11;
				GCC_DYNAMIC_NO_PIC = NO;
				GCC_NO_COMMON_BLOCKS = YES;
				GCC_OPTIMIZATION_LEVEL = 0;
				GCC_PREPROCESSOR_DEFINITIONS = (
					"DEBUG=1",
					"$(inherited)",
				);
				GCC_WARN_64_TO_32_BIT_CONVERSION = YES;
				GCC_WARN_ABOUT_RETURN_TYPE = YES_ERROR;
				GCC_WARN_UNDECLARED_SELECTOR = YES;
				GCC_WARN_UNINITIALIZED_AUTOS = YES_AGGRESSIVE;
				GCC_WARN_UNUSED_FUNCTION = YES;
				GCC_WARN_UNUSED_VARIABLE = YES;
				IPHONEOS_DEPLOYMENT_TARGET = 14.3;
				MTL_ENABLE_DEBUG_INFO = INCLUDE_SOURCE;
				MTL_FAST_MATH = YES;
				ONLY_ACTIVE_ARCH = YES;
				SDKROOT = iphoneos;
				SWIFT_ACTIVE_COMPILATION_CONDITIONS = DEBUG;
				SWIFT_OPTIMIZATION_LEVEL = "-Onone";
			};
			name = Debug;
		};
		215A034125B2DC1C0019EB05 /* Release */ = {
			isa = XCBuildConfiguration;
			buildSettings = {
				ALWAYS_SEARCH_USER_PATHS = NO;
				CLANG_ANALYZER_NONNULL = YES;
				CLANG_ANALYZER_NUMBER_OBJECT_CONVERSION = YES_AGGRESSIVE;
				CLANG_CXX_LANGUAGE_STANDARD = "gnu++14";
				CLANG_CXX_LIBRARY = "libc++";
				CLANG_ENABLE_MODULES = YES;
				CLANG_ENABLE_OBJC_ARC = YES;
				CLANG_ENABLE_OBJC_WEAK = YES;
				CLANG_WARN_BLOCK_CAPTURE_AUTORELEASING = YES;
				CLANG_WARN_BOOL_CONVERSION = YES;
				CLANG_WARN_COMMA = YES;
				CLANG_WARN_CONSTANT_CONVERSION = YES;
				CLANG_WARN_DEPRECATED_OBJC_IMPLEMENTATIONS = YES;
				CLANG_WARN_DIRECT_OBJC_ISA_USAGE = YES_ERROR;
				CLANG_WARN_DOCUMENTATION_COMMENTS = YES;
				CLANG_WARN_EMPTY_BODY = YES;
				CLANG_WARN_ENUM_CONVERSION = YES;
				CLANG_WARN_INFINITE_RECURSION = YES;
				CLANG_WARN_INT_CONVERSION = YES;
				CLANG_WARN_NON_LITERAL_NULL_CONVERSION = YES;
				CLANG_WARN_OBJC_IMPLICIT_RETAIN_SELF = YES;
				CLANG_WARN_OBJC_LITERAL_CONVERSION = YES;
				CLANG_WARN_OBJC_ROOT_CLASS = YES_ERROR;
				CLANG_WARN_QUOTED_INCLUDE_IN_FRAMEWORK_HEADER = YES;
				CLANG_WARN_RANGE_LOOP_ANALYSIS = YES;
				CLANG_WARN_STRICT_PROTOTYPES = YES;
				CLANG_WARN_SUSPICIOUS_MOVE = YES;
				CLANG_WARN_UNGUARDED_AVAILABILITY = YES_AGGRESSIVE;
				CLANG_WARN_UNREACHABLE_CODE = YES;
				CLANG_WARN__DUPLICATE_METHOD_MATCH = YES;
				COPY_PHASE_STRIP = NO;
				DEBUG_INFORMATION_FORMAT = "dwarf-with-dsym";
				ENABLE_NS_ASSERTIONS = NO;
				ENABLE_STRICT_OBJC_MSGSEND = YES;
				GCC_C_LANGUAGE_STANDARD = gnu11;
				GCC_NO_COMMON_BLOCKS = YES;
				GCC_WARN_64_TO_32_BIT_CONVERSION = YES;
				GCC_WARN_ABOUT_RETURN_TYPE = YES_ERROR;
				GCC_WARN_UNDECLARED_SELECTOR = YES;
				GCC_WARN_UNINITIALIZED_AUTOS = YES_AGGRESSIVE;
				GCC_WARN_UNUSED_FUNCTION = YES;
				GCC_WARN_UNUSED_VARIABLE = YES;
				IPHONEOS_DEPLOYMENT_TARGET = 14.3;
				MTL_ENABLE_DEBUG_INFO = NO;
				MTL_FAST_MATH = YES;
				SDKROOT = iphoneos;
				SWIFT_COMPILATION_MODE = wholemodule;
				SWIFT_OPTIMIZATION_LEVEL = "-O";
				VALIDATE_PRODUCT = YES;
			};
			name = Release;
		};
		215A034325B2DC1C0019EB05 /* Debug */ = {
			isa = XCBuildConfiguration;
			buildSettings = {
				ASSETCATALOG_COMPILER_APPICON_NAME = AppIcon;
				ASSETCATALOG_COMPILER_GLOBAL_ACCENT_COLOR_NAME = AccentColor;
				CODE_SIGN_STYLE = Automatic;
				DEVELOPMENT_TEAM = GL92UNQ3FG;
				INFOPLIST_FILE = ChartsXcode/Info.plist;
				LD_RUNPATH_SEARCH_PATHS = (
					"$(inherited)",
					"@executable_path/Frameworks",
				);
				PRODUCT_BUNDLE_IDENTIFIER = "JANTEL-CORP.ChartsXcode";
				PRODUCT_NAME = "$(TARGET_NAME)";
				SWIFT_VERSION = 5.0;
				TARGETED_DEVICE_FAMILY = "1,2";
			};
			name = Debug;
		};
		215A034425B2DC1C0019EB05 /* Release */ = {
			isa = XCBuildConfiguration;
			buildSettings = {
				ASSETCATALOG_COMPILER_APPICON_NAME = AppIcon;
				ASSETCATALOG_COMPILER_GLOBAL_ACCENT_COLOR_NAME = AccentColor;
				CODE_SIGN_STYLE = Automatic;
				DEVELOPMENT_TEAM = GL92UNQ3FG;
				INFOPLIST_FILE = ChartsXcode/Info.plist;
				LD_RUNPATH_SEARCH_PATHS = (
					"$(inherited)",
					"@executable_path/Frameworks",
				);
				PRODUCT_BUNDLE_IDENTIFIER = "JANTEL-CORP.ChartsXcode";
				PRODUCT_NAME = "$(TARGET_NAME)";
				SWIFT_VERSION = 5.0;
				TARGETED_DEVICE_FAMILY = "1,2";
			};
			name = Release;
		};
		215A034625B2DC1C0019EB05 /* Debug */ = {
			isa = XCBuildConfiguration;
			buildSettings = {
				ALWAYS_EMBED_SWIFT_STANDARD_LIBRARIES = YES;
				BUNDLE_LOADER = "$(TEST_HOST)";
				CODE_SIGN_STYLE = Automatic;
				DEVELOPMENT_TEAM = GL92UNQ3FG;
				INFOPLIST_FILE = ChartsXcodeTests/Info.plist;
				IPHONEOS_DEPLOYMENT_TARGET = 14.3;
				LD_RUNPATH_SEARCH_PATHS = (
					"$(inherited)",
					"@executable_path/Frameworks",
					"@loader_path/Frameworks",
				);
				PRODUCT_BUNDLE_IDENTIFIER = "JANTEL-CORP.ChartsXcodeTests";
				PRODUCT_NAME = "$(TARGET_NAME)";
				SWIFT_VERSION = 5.0;
				TARGETED_DEVICE_FAMILY = "1,2";
				TEST_HOST = "$(BUILT_PRODUCTS_DIR)/ChartsXcode.app/ChartsXcode";
			};
			name = Debug;
		};
		215A034725B2DC1C0019EB05 /* Release */ = {
			isa = XCBuildConfiguration;
			buildSettings = {
				ALWAYS_EMBED_SWIFT_STANDARD_LIBRARIES = YES;
				BUNDLE_LOADER = "$(TEST_HOST)";
				CODE_SIGN_STYLE = Automatic;
				DEVELOPMENT_TEAM = GL92UNQ3FG;
				INFOPLIST_FILE = ChartsXcodeTests/Info.plist;
				IPHONEOS_DEPLOYMENT_TARGET = 14.3;
				LD_RUNPATH_SEARCH_PATHS = (
					"$(inherited)",
					"@executable_path/Frameworks",
					"@loader_path/Frameworks",
				);
				PRODUCT_BUNDLE_IDENTIFIER = "JANTEL-CORP.ChartsXcodeTests";
				PRODUCT_NAME = "$(TARGET_NAME)";
				SWIFT_VERSION = 5.0;
				TARGETED_DEVICE_FAMILY = "1,2";
				TEST_HOST = "$(BUILT_PRODUCTS_DIR)/ChartsXcode.app/ChartsXcode";
			};
			name = Release;
		};
		215A034925B2DC1C0019EB05 /* Debug */ = {
			isa = XCBuildConfiguration;
			buildSettings = {
				ALWAYS_EMBED_SWIFT_STANDARD_LIBRARIES = YES;
				CODE_SIGN_STYLE = Automatic;
				DEVELOPMENT_TEAM = GL92UNQ3FG;
				INFOPLIST_FILE = ChartsXcodeUITests/Info.plist;
				LD_RUNPATH_SEARCH_PATHS = (
					"$(inherited)",
					"@executable_path/Frameworks",
					"@loader_path/Frameworks",
				);
				PRODUCT_BUNDLE_IDENTIFIER = "JANTEL-CORP.ChartsXcodeUITests";
				PRODUCT_NAME = "$(TARGET_NAME)";
				SWIFT_VERSION = 5.0;
				TARGETED_DEVICE_FAMILY = "1,2";
				TEST_TARGET_NAME = ChartsXcode;
			};
			name = Debug;
		};
		215A034A25B2DC1C0019EB05 /* Release */ = {
			isa = XCBuildConfiguration;
			buildSettings = {
				ALWAYS_EMBED_SWIFT_STANDARD_LIBRARIES = YES;
				CODE_SIGN_STYLE = Automatic;
				DEVELOPMENT_TEAM = GL92UNQ3FG;
				INFOPLIST_FILE = ChartsXcodeUITests/Info.plist;
				LD_RUNPATH_SEARCH_PATHS = (
					"$(inherited)",
					"@executable_path/Frameworks",
					"@loader_path/Frameworks",
				);
				PRODUCT_BUNDLE_IDENTIFIER = "JANTEL-CORP.ChartsXcodeUITests";
				PRODUCT_NAME = "$(TARGET_NAME)";
				SWIFT_VERSION = 5.0;
				TARGETED_DEVICE_FAMILY = "1,2";
				TEST_TARGET_NAME = ChartsXcode;
			};
			name = Release;
		};
/* End XCBuildConfiguration section */

/* Begin XCConfigurationList section */
		215A031325B2DC1B0019EB05 /* Build configuration list for PBXProject "ChartsXcode" */ = {
			isa = XCConfigurationList;
			buildConfigurations = (
				215A034025B2DC1C0019EB05 /* Debug */,
				215A034125B2DC1C0019EB05 /* Release */,
			);
			defaultConfigurationIsVisible = 0;
			defaultConfigurationName = Release;
		};
		215A034225B2DC1C0019EB05 /* Build configuration list for PBXNativeTarget "ChartsXcode" */ = {
			isa = XCConfigurationList;
			buildConfigurations = (
				215A034325B2DC1C0019EB05 /* Debug */,
				215A034425B2DC1C0019EB05 /* Release */,
			);
			defaultConfigurationIsVisible = 0;
			defaultConfigurationName = Release;
		};
		215A034525B2DC1C0019EB05 /* Build configuration list for PBXNativeTarget "ChartsXcodeTests" */ = {
			isa = XCConfigurationList;
			buildConfigurations = (
				215A034625B2DC1C0019EB05 /* Debug */,
				215A034725B2DC1C0019EB05 /* Release */,
			);
			defaultConfigurationIsVisible = 0;
			defaultConfigurationName = Release;
		};
		215A034825B2DC1C0019EB05 /* Build configuration list for PBXNativeTarget "ChartsXcodeUITests" */ = {
			isa = XCConfigurationList;
			buildConfigurations = (
				215A034925B2DC1C0019EB05 /* Debug */,
				215A034A25B2DC1C0019EB05 /* Release */,
			);
			defaultConfigurationIsVisible = 0;
			defaultConfigurationName = Release;
		};
/* End XCConfigurationList section */
	};
	rootObject = 215A031025B2DC1B0019EB05 /* Project object */;
}
